
Microsoft Visual Studio Solution File, Format Version 12.00
# Visual Studio 15
VisualStudioVersion = 15.0.26730.3
MinimumVisualStudioVersion = 10.0.40219.1
Project("{9A19103F-16F7-4668-BE54-9A1E7A4F7556}") = "FunctionApp4", "FunctionApp4\FunctionApp4.csproj", "{847DE44F-5A7E-4B8B-A008-5D12F702D2C1}"
EndProject
Global
	GlobalSection(SolutionConfigurationPlatforms) = preSolution
		Debug|Any CPU = Debug|Any CPU
		Release|Any CPU = Release|Any CPU
	EndGlobalSection
	GlobalSection(ProjectConfigurationPlatforms) = postSolution
		{847DE44F-5A7E-4B8B-A008-5D12F702D2C1}.Debug|Any CPU.ActiveCfg = Debug|Any CPU
		{847DE44F-5A7E-4B8B-A008-5D12F702D2C1}.Debug|Any CPU.Build.0 = Debug|Any CPU
		{847DE44F-5A7E-4B8B-A008-5D12F702D2C1}.Release|Any CPU.ActiveCfg = Release|Any CPU
		{847DE44F-5A7E-4B8B-A008-5D12F702D2C1}.Release|Any CPU.Build.0 = Release|Any CPU
	EndGlobalSection
	GlobalSection(SolutionProperties) = preSolution
		HideSolutionNode = FALSE
	EndGlobalSection
	GlobalSection(ExtensibilityGlobals) = postSolution
		SolutionGuid = {CCDF6330-A965-489A-96C6-B178E16009B8}
	EndGlobalSection
EndGlobal
